
Microsoft Visual Studio Solution File, Format Version 12.00
# Visual Studio 2012
Project("{FAE04EC0-301F-11D3-BF4B-00C04F79EFBC}") = "Whack_a_Kite", "Whack_a_Kite\Whack_a_Kite.csproj", "{549E8B5B-22A5-4929-9E65-EB80165E418B}"
EndProject
Global
	GlobalSection(SolutionConfigurationPlatforms) = preSolution
		Debug|ARM = Debug|ARM
		Debug|x86 = Debug|x86
		Master|ARM = Master|ARM
		Master|x86 = Master|x86
		Release|ARM = Release|ARM
		Release|x86 = Release|x86
	EndGlobalSection
	GlobalSection(ProjectConfigurationPlatforms) = postSolution
		{549E8B5B-22A5-4929-9E65-EB80165E418B}.Debug|ARM.ActiveCfg = Debug|ARM
		{549E8B5B-22A5-4929-9E65-EB80165E418B}.Debug|ARM.Build.0 = Debug|ARM
		{549E8B5B-22A5-4929-9E65-EB80165E418B}.Debug|ARM.Deploy.0 = Debug|ARM
		{549E8B5B-22A5-4929-9E65-EB80165E418B}.Debug|x86.ActiveCfg = Debug|x86
		{549E8B5B-22A5-4929-9E65-EB80165E418B}.Debug|x86.Build.0 = Debug|x86
		{549E8B5B-22A5-4929-9E65-EB80165E418B}.Debug|x86.Deploy.0 = Debug|x86
		{549E8B5B-22A5-4929-9E65-EB80165E418B}.Master|ARM.ActiveCfg = Master|ARM
		{549E8B5B-22A5-4929-9E65-EB80165E418B}.Master|ARM.Build.0 = Master|ARM
		{549E8B5B-22A5-4929-9E65-EB80165E418B}.Master|ARM.Deploy.0 = Master|ARM
		{549E8B5B-22A5-4929-9E65-EB80165E418B}.Master|x86.ActiveCfg = Master|x86
		{549E8B5B-22A5-4929-9E65-EB80165E418B}.Master|x86.Build.0 = Master|x86
		{549E8B5B-22A5-4929-9E65-EB80165E418B}.Master|x86.Deploy.0 = Master|x86
		{549E8B5B-22A5-4929-9E65-EB80165E418B}.Release|ARM.ActiveCfg = Release|ARM
		{549E8B5B-22A5-4929-9E65-EB80165E418B}.Release|ARM.Build.0 = Release|ARM
		{549E8B5B-22A5-4929-9E65-EB80165E418B}.Release|ARM.Deploy.0 = Release|ARM
		{549E8B5B-22A5-4929-9E65-EB80165E418B}.Release|x86.ActiveCfg = Release|x86
		{549E8B5B-22A5-4929-9E65-EB80165E418B}.Release|x86.Build.0 = Release|x86
		{549E8B5B-22A5-4929-9E65-EB80165E418B}.Release|x86.Deploy.0 = Release|x86
	EndGlobalSection
	GlobalSection(SolutionProperties) = preSolution
		HideSolutionNode = FALSE
	EndGlobalSection
EndGlobal
